<Solution>
  <Folder Name="/Solution Items/">
    <File Path=".dockerignore" />
    <File Path=".editorconfig" />
    <File Path=".gitattributes" />
    <File Path=".gitignore" />
    <File Path="Directory.Build.props" />
    <File Path="Directory.Packages.props" />
    <File Path="Dockerfile" />
    <File Path="Dockerfile.debug" />
    <File Path="global.json" />
    <File Path="init-migrate.bat" />
    <File Path="init-update.bat" />
    <File Path="new-build.sh" />
    <File Path="test/Directory.Build.props" />
  </Folder>
  <Folder Name="/src/">
    <Project Path="src/Voidwell.Platform.Api/Voidwell.Platform.Api.csproj" />
    <Project Path="src/Voidwell.Platform.Data/Voidwell.Platform.Data.csproj" />
  </Folder>
  <Folder Name="/test/">
    <Project Path="test/Voidwell.Platform.Data.Test/Voidwell.Platform.Data.Test.csproj" />
    <Project Path="test/Voidwell.Platform.Api.Test/Voidwell.Platform.Api.Test.csproj" />
  </Folder>
</Solution>
